// !$*UTF8*$!
{
	archiveVersion = 1;
	classes = {
	};
	objectVersion = 56;
	objects = {

/* Begin PBXBuildFile section */
		ED027FD62C390DFE007AE287 /* MainVC.swift in Sources */ = {isa = PBXBuildFile; fileRef = ED027FD52C390DFE007AE287 /* MainVC.swift */; };
		ED027FD82C390E0C007AE287 /* DetailVC.swift in Sources */ = {isa = PBXBuildFile; fileRef = ED027FD72C390E0C007AE287 /* DetailVC.swift */; };
		ED027FDA2C391E4C007AE287 /* MovieCell.swift in Sources */ = {isa = PBXBuildFile; fileRef = ED027FD92C391E4C007AE287 /* MovieCell.swift */; };
		ED027FDE2C391EF7007AE287 /* UITableViewCell+Extensions.swift in Sources */ = {isa = PBXBuildFile; fileRef = ED027FDD2C391EF7007AE287 /* UITableViewCell+Extensions.swift */; };
		ED26F0EA2C3AA9E500766F89 /* Movie.swift in Sources */ = {isa = PBXBuildFile; fileRef = ED26F0E92C3AA9E500766F89 /* Movie.swift */; };
		ED26F0EC2C3AAA3500766F89 /* APIResult.swift in Sources */ = {isa = PBXBuildFile; fileRef = ED26F0EB2C3AAA3500766F89 /* APIResult.swift */; };
		ED26F0EE2C3AD72B00766F89 /* MovieDetail.swift in Sources */ = {isa = PBXBuildFile; fileRef = ED26F0ED2C3AD72B00766F89 /* MovieDetail.swift */; };
		ED7269E62C38648A00A7705F /* AppDelegate.swift in Sources */ = {isa = PBXBuildFile; fileRef = ED7269E52C38648A00A7705F /* AppDelegate.swift */; };
		ED7269E82C38648A00A7705F /* SceneDelegate.swift in Sources */ = {isa = PBXBuildFile; fileRef = ED7269E72C38648A00A7705F /* SceneDelegate.swift */; };
		ED7269EF2C38648C00A7705F /* Assets.xcassets in Resources */ = {isa = PBXBuildFile; fileRef = ED7269EE2C38648C00A7705F /* Assets.xcassets */; };
		ED7269F22C38648C00A7705F /* Base in Resources */ = {isa = PBXBuildFile; fileRef = ED7269F12C38648C00A7705F /* Base */; };
		ED7269FD2C38648C00A7705F /* List_ExaminationTests.swift in Sources */ = {isa = PBXBuildFile; fileRef = ED7269FC2C38648C00A7705F /* List_ExaminationTests.swift */; };
		ED726A072C38648C00A7705F /* List_ExaminationUITests.swift in Sources */ = {isa = PBXBuildFile; fileRef = ED726A062C38648C00A7705F /* List_ExaminationUITests.swift */; };
		ED726A092C38648C00A7705F /* List_ExaminationUITestsLaunchTests.swift in Sources */ = {isa = PBXBuildFile; fileRef = ED726A082C38648C00A7705F /* List_ExaminationUITestsLaunchTests.swift */; };
		EDAB8AA32C39ADC200B42E7B /* Poppins-BlackItalic.ttf in Resources */ = {isa = PBXBuildFile; fileRef = ED027FE72C39279C007AE287 /* Poppins-BlackItalic.ttf */; };
		EDAB8AA42C39ADC200B42E7B /* Poppins-ExtraLightItalic.ttf in Resources */ = {isa = PBXBuildFile; fileRef = ED027FEC2C39279C007AE287 /* Poppins-ExtraLightItalic.ttf */; };
		EDAB8AA52C39ADC200B42E7B /* Poppins-SemiBoldItalic.ttf in Resources */ = {isa = PBXBuildFile; fileRef = ED027FE62C39279C007AE287 /* Poppins-SemiBoldItalic.ttf */; };
		EDAB8AA62C39ADC200B42E7B /* Poppins-LightItalic.ttf in Resources */ = {isa = PBXBuildFile; fileRef = ED027FED2C39279C007AE287 /* Poppins-LightItalic.ttf */; };
		EDAB8AA72C39ADC200B42E7B /* Poppins-SemiBold.ttf in Resources */ = {isa = PBXBuildFile; fileRef = ED027FF02C39279C007AE287 /* Poppins-SemiBold.ttf */; };
		EDAB8AA82C39ADC200B42E7B /* Poppins-Black.ttf in Resources */ = {isa = PBXBuildFile; fileRef = ED027FE32C39279C007AE287 /* Poppins-Black.ttf */; };
		EDAB8AA92C39ADC200B42E7B /* Poppins-ExtraLight.ttf in Resources */ = {isa = PBXBuildFile; fileRef = ED027FF12C39279C007AE287 /* Poppins-ExtraLight.ttf */; };
		EDAB8AAA2C39ADC200B42E7B /* Poppins-Regular.ttf in Resources */ = {isa = PBXBuildFile; fileRef = ED027FE12C39279C007AE287 /* Poppins-Regular.ttf */; };
		EDAB8AAB2C39ADC200B42E7B /* Poppins-MediumItalic.ttf in Resources */ = {isa = PBXBuildFile; fileRef = ED027FEE2C39279C007AE287 /* Poppins-MediumItalic.ttf */; };
		EDAB8AAC2C39ADC200B42E7B /* Poppins-ExtraBoldItalic.ttf in Resources */ = {isa = PBXBuildFile; fileRef = ED027FE02C39279C007AE287 /* Poppins-ExtraBoldItalic.ttf */; };
		EDAB8AAD2C39ADC200B42E7B /* Poppins-Italic.ttf in Resources */ = {isa = PBXBuildFile; fileRef = ED027FEA2C39279C007AE287 /* Poppins-Italic.ttf */; };
		EDAB8AAE2C39ADC200B42E7B /* Poppins-Light.ttf in Resources */ = {isa = PBXBuildFile; fileRef = ED027FE42C39279C007AE287 /* Poppins-Light.ttf */; };
		EDAB8AAF2C39ADC200B42E7B /* Poppins-BoldItalic.ttf in Resources */ = {isa = PBXBuildFile; fileRef = ED027FEB2C39279C007AE287 /* Poppins-BoldItalic.ttf */; };
		EDAB8AB02C39ADC200B42E7B /* Poppins-Bold.ttf in Resources */ = {isa = PBXBuildFile; fileRef = ED027FEF2C39279C007AE287 /* Poppins-Bold.ttf */; };
		EDAB8AB12C39ADC200B42E7B /* Poppins-Medium.ttf in Resources */ = {isa = PBXBuildFile; fileRef = ED027FE52C39279C007AE287 /* Poppins-Medium.ttf */; };
		EDAB8AB22C39ADC200B42E7B /* Poppins-Thin.ttf in Resources */ = {isa = PBXBuildFile; fileRef = ED027FE92C39279C007AE287 /* Poppins-Thin.ttf */; };
		EDAB8AB32C39ADC200B42E7B /* Poppins-ExtraBold.ttf in Resources */ = {isa = PBXBuildFile; fileRef = ED027FE82C39279C007AE287 /* Poppins-ExtraBold.ttf */; };
		EDAB8AB42C39ADC200B42E7B /* Poppins-ThinItalic.ttf in Resources */ = {isa = PBXBuildFile; fileRef = ED027FE22C39279C007AE287 /* Poppins-ThinItalic.ttf */; };
		EDAB8AB62C39C05C00B42E7B /* CastCell.swift in Sources */ = {isa = PBXBuildFile; fileRef = EDAB8AB52C39C05C00B42E7B /* CastCell.swift */; };
		EDAB8AB82C39C09800B42E7B /* UICollectionViewCell+Extensions.swift in Sources */ = {isa = PBXBuildFile; fileRef = EDAB8AB72C39C09800B42E7B /* UICollectionViewCell+Extensions.swift */; };
/* End PBXBuildFile section */

/* Begin PBXContainerItemProxy section */
		ED7269F92C38648C00A7705F /* PBXContainerItemProxy */ = {
			isa = PBXContainerItemProxy;
			containerPortal = ED7269DA2C38648A00A7705F /* Project object */;
			proxyType = 1;
			remoteGlobalIDString = ED7269E12C38648A00A7705F;
			remoteInfo = "List Examination";
		};
		ED726A032C38648C00A7705F /* PBXContainerItemProxy */ = {
			isa = PBXContainerItemProxy;
			containerPortal = ED7269DA2C38648A00A7705F /* Project object */;
			proxyType = 1;
			remoteGlobalIDString = ED7269E12C38648A00A7705F;
			remoteInfo = "List Examination";
		};
/* End PBXContainerItemProxy section */

/* Begin PBXFileReference section */
		ED027FD52C390DFE007AE287 /* MainVC.swift */ = {isa = PBXFileReference; lastKnownFileType = sourcecode.swift; path = MainVC.swift; sourceTree = "<group>"; };
		ED027FD72C390E0C007AE287 /* DetailVC.swift */ = {isa = PBXFileReference; lastKnownFileType = sourcecode.swift; path = DetailVC.swift; sourceTree = "<group>"; };
		ED027FD92C391E4C007AE287 /* MovieCell.swift */ = {isa = PBXFileReference; lastKnownFileType = sourcecode.swift; path = MovieCell.swift; sourceTree = "<group>"; };
		ED027FDD2C391EF7007AE287 /* UITableViewCell+Extensions.swift */ = {isa = PBXFileReference; lastKnownFileType = sourcecode.swift; path = "UITableViewCell+Extensions.swift"; sourceTree = "<group>"; };
		ED027FE02C39279C007AE287 /* Poppins-ExtraBoldItalic.ttf */ = {isa = PBXFileReference; lastKnownFileType = file; path = "Poppins-ExtraBoldItalic.ttf"; sourceTree = "<group>"; };
		ED027FE12C39279C007AE287 /* Poppins-Regular.ttf */ = {isa = PBXFileReference; lastKnownFileType = file; path = "Poppins-Regular.ttf"; sourceTree = "<group>"; };
		ED027FE22C39279C007AE287 /* Poppins-ThinItalic.ttf */ = {isa = PBXFileReference; lastKnownFileType = file; path = "Poppins-ThinItalic.ttf"; sourceTree = "<group>"; };
		ED027FE32C39279C007AE287 /* Poppins-Black.ttf */ = {isa = PBXFileReference; lastKnownFileType = file; path = "Poppins-Black.ttf"; sourceTree = "<group>"; };
		ED027FE42C39279C007AE287 /* Poppins-Light.ttf */ = {isa = PBXFileReference; lastKnownFileType = file; path = "Poppins-Light.ttf"; sourceTree = "<group>"; };
		ED027FE52C39279C007AE287 /* Poppins-Medium.ttf */ = {isa = PBXFileReference; lastKnownFileType = file; path = "Poppins-Medium.ttf"; sourceTree = "<group>"; };
		ED027FE62C39279C007AE287 /* Poppins-SemiBoldItalic.ttf */ = {isa = PBXFileReference; lastKnownFileType = file; path = "Poppins-SemiBoldItalic.ttf"; sourceTree = "<group>"; };
		ED027FE72C39279C007AE287 /* Poppins-BlackItalic.ttf */ = {isa = PBXFileReference; lastKnownFileType = file; path = "Poppins-BlackItalic.ttf"; sourceTree = "<group>"; };
		ED027FE82C39279C007AE287 /* Poppins-ExtraBold.ttf */ = {isa = PBXFileReference; lastKnownFileType = file; path = "Poppins-ExtraBold.ttf"; sourceTree = "<group>"; };
		ED027FE92C39279C007AE287 /* Poppins-Thin.ttf */ = {isa = PBXFileReference; lastKnownFileType = file; path = "Poppins-Thin.ttf"; sourceTree = "<group>"; };
		ED027FEA2C39279C007AE287 /* Poppins-Italic.ttf */ = {isa = PBXFileReference; lastKnownFileType = file; path = "Poppins-Italic.ttf"; sourceTree = "<group>"; };
		ED027FEB2C39279C007AE287 /* Poppins-BoldItalic.ttf */ = {isa = PBXFileReference; lastKnownFileType = file; path = "Poppins-BoldItalic.ttf"; sourceTree = "<group>"; };
		ED027FEC2C39279C007AE287 /* Poppins-ExtraLightItalic.ttf */ = {isa = PBXFileReference; lastKnownFileType = file; path = "Poppins-ExtraLightItalic.ttf"; sourceTree = "<group>"; };
		ED027FED2C39279C007AE287 /* Poppins-LightItalic.ttf */ = {isa = PBXFileReference; lastKnownFileType = file; path = "Poppins-LightItalic.ttf"; sourceTree = "<group>"; };
		ED027FEE2C39279C007AE287 /* Poppins-MediumItalic.ttf */ = {isa = PBXFileReference; lastKnownFileType = file; path = "Poppins-MediumItalic.ttf"; sourceTree = "<group>"; };
		ED027FEF2C39279C007AE287 /* Poppins-Bold.ttf */ = {isa = PBXFileReference; lastKnownFileType = file; path = "Poppins-Bold.ttf"; sourceTree = "<group>"; };
		ED027FF02C39279C007AE287 /* Poppins-SemiBold.ttf */ = {isa = PBXFileReference; lastKnownFileType = file; path = "Poppins-SemiBold.ttf"; sourceTree = "<group>"; };
		ED027FF12C39279C007AE287 /* Poppins-ExtraLight.ttf */ = {isa = PBXFileReference; lastKnownFileType = file; path = "Poppins-ExtraLight.ttf"; sourceTree = "<group>"; };
		ED26F0E92C3AA9E500766F89 /* Movie.swift */ = {isa = PBXFileReference; lastKnownFileType = sourcecode.swift; path = Movie.swift; sourceTree = "<group>"; };
		ED26F0EB2C3AAA3500766F89 /* APIResult.swift */ = {isa = PBXFileReference; lastKnownFileType = sourcecode.swift; path = APIResult.swift; sourceTree = "<group>"; };
		ED26F0ED2C3AD72B00766F89 /* MovieDetail.swift */ = {isa = PBXFileReference; lastKnownFileType = sourcecode.swift; path = MovieDetail.swift; sourceTree = "<group>"; };
		ED7269E22C38648A00A7705F /* List Examination.app */ = {isa = PBXFileReference; explicitFileType = wrapper.application; includeInIndex = 0; path = "List Examination.app"; sourceTree = BUILT_PRODUCTS_DIR; };
		ED7269E52C38648A00A7705F /* AppDelegate.swift */ = {isa = PBXFileReference; lastKnownFileType = sourcecode.swift; path = AppDelegate.swift; sourceTree = "<group>"; };
		ED7269E72C38648A00A7705F /* SceneDelegate.swift */ = {isa = PBXFileReference; lastKnownFileType = sourcecode.swift; path = SceneDelegate.swift; sourceTree = "<group>"; };
		ED7269EE2C38648C00A7705F /* Assets.xcassets */ = {isa = PBXFileReference; lastKnownFileType = folder.assetcatalog; path = Assets.xcassets; sourceTree = "<group>"; };
		ED7269F12C38648C00A7705F /* Base */ = {isa = PBXFileReference; lastKnownFileType = file.storyboard; name = Base; path = Base.lproj/LaunchScreen.storyboard; sourceTree = "<group>"; };
		ED7269F32C38648C00A7705F /* Info.plist */ = {isa = PBXFileReference; lastKnownFileType = text.plist.xml; path = Info.plist; sourceTree = "<group>"; };
		ED7269F82C38648C00A7705F /* List ExaminationTests.xctest */ = {isa = PBXFileReference; explicitFileType = wrapper.cfbundle; includeInIndex = 0; path = "List ExaminationTests.xctest"; sourceTree = BUILT_PRODUCTS_DIR; };
		ED7269FC2C38648C00A7705F /* List_ExaminationTests.swift */ = {isa = PBXFileReference; lastKnownFileType = sourcecode.swift; path = List_ExaminationTests.swift; sourceTree = "<group>"; };
		ED726A022C38648C00A7705F /* List ExaminationUITests.xctest */ = {isa = PBXFileReference; explicitFileType = wrapper.cfbundle; includeInIndex = 0; path = "List ExaminationUITests.xctest"; sourceTree = BUILT_PRODUCTS_DIR; };
		ED726A062C38648C00A7705F /* List_ExaminationUITests.swift */ = {isa = PBXFileReference; lastKnownFileType = sourcecode.swift; path = List_ExaminationUITests.swift; sourceTree = "<group>"; };
		ED726A082C38648C00A7705F /* List_ExaminationUITestsLaunchTests.swift */ = {isa = PBXFileReference; lastKnownFileType = sourcecode.swift; path = List_ExaminationUITestsLaunchTests.swift; sourceTree = "<group>"; };
		EDAB8AB52C39C05C00B42E7B /* CastCell.swift */ = {isa = PBXFileReference; lastKnownFileType = sourcecode.swift; path = CastCell.swift; sourceTree = "<group>"; };
		EDAB8AB72C39C09800B42E7B /* UICollectionViewCell+Extensions.swift */ = {isa = PBXFileReference; lastKnownFileType = sourcecode.swift; path = "UICollectionViewCell+Extensions.swift"; sourceTree = "<group>"; };
/* End PBXFileReference section */

/* Begin PBXFrameworksBuildPhase section */
		ED7269DF2C38648A00A7705F /* Frameworks */ = {
			isa = PBXFrameworksBuildPhase;
			buildActionMask = 2147483647;
			files = (
			);
			runOnlyForDeploymentPostprocessing = 0;
		};
		ED7269F52C38648C00A7705F /* Frameworks */ = {
			isa = PBXFrameworksBuildPhase;
			buildActionMask = 2147483647;
			files = (
			);
			runOnlyForDeploymentPostprocessing = 0;
		};
		ED7269FF2C38648C00A7705F /* Frameworks */ = {
			isa = PBXFrameworksBuildPhase;
			buildActionMask = 2147483647;
			files = (
			);
			runOnlyForDeploymentPostprocessing = 0;
		};
/* End PBXFrameworksBuildPhase section */

/* Begin PBXGroup section */
		ED027FD22C390DC6007AE287 /* Screens */ = {
			isa = PBXGroup;
			children = (
				ED027FDB2C391E55007AE287 /* Cell */,
				ED027FD42C390DDF007AE287 /* Detail */,
				ED027FD32C390DD3007AE287 /* Main */,
			);
			path = Screens;
			sourceTree = "<group>";
		};
		ED027FD32C390DD3007AE287 /* Main */ = {
			isa = PBXGroup;
			children = (
				ED027FD52C390DFE007AE287 /* MainVC.swift */,
			);
			path = Main;
			sourceTree = "<group>";
		};
		ED027FD42C390DDF007AE287 /* Detail */ = {
			isa = PBXGroup;
			children = (
				ED027FD72C390E0C007AE287 /* DetailVC.swift */,
			);
			path = Detail;
			sourceTree = "<group>";
		};
		ED027FDB2C391E55007AE287 /* Cell */ = {
			isa = PBXGroup;
			children = (
				ED027FD92C391E4C007AE287 /* MovieCell.swift */,
				EDAB8AB52C39C05C00B42E7B /* CastCell.swift */,
			);
			path = Cell;
			sourceTree = "<group>";
		};
		ED027FDC2C391EDE007AE287 /* Extensions */ = {
			isa = PBXGroup;
			children = (
				ED027FDD2C391EF7007AE287 /* UITableViewCell+Extensions.swift */,
				EDAB8AB72C39C09800B42E7B /* UICollectionViewCell+Extensions.swift */,
			);
			path = Extensions;
			sourceTree = "<group>";
		};
		ED027FDF2C392736007AE287 /* Fonts */ = {
			isa = PBXGroup;
			children = (
				ED027FE32C39279C007AE287 /* Poppins-Black.ttf */,
				ED027FE72C39279C007AE287 /* Poppins-BlackItalic.ttf */,
				ED027FEF2C39279C007AE287 /* Poppins-Bold.ttf */,
				ED027FEB2C39279C007AE287 /* Poppins-BoldItalic.ttf */,
				ED027FE82C39279C007AE287 /* Poppins-ExtraBold.ttf */,
				ED027FE02C39279C007AE287 /* Poppins-ExtraBoldItalic.ttf */,
				ED027FF12C39279C007AE287 /* Poppins-ExtraLight.ttf */,
				ED027FEC2C39279C007AE287 /* Poppins-ExtraLightItalic.ttf */,
				ED027FEA2C39279C007AE287 /* Poppins-Italic.ttf */,
				ED027FE42C39279C007AE287 /* Poppins-Light.ttf */,
				ED027FED2C39279C007AE287 /* Poppins-LightItalic.ttf */,
				ED027FE52C39279C007AE287 /* Poppins-Medium.ttf */,
				ED027FEE2C39279C007AE287 /* Poppins-MediumItalic.ttf */,
				ED027FE12C39279C007AE287 /* Poppins-Regular.ttf */,
				ED027FF02C39279C007AE287 /* Poppins-SemiBold.ttf */,
				ED027FE62C39279C007AE287 /* Poppins-SemiBoldItalic.ttf */,
				ED027FE92C39279C007AE287 /* Poppins-Thin.ttf */,
				ED027FE22C39279C007AE287 /* Poppins-ThinItalic.ttf */,
			);
			path = Fonts;
			sourceTree = "<group>";
		};
		ED26F0E82C3AA9D700766F89 /* Models */ = {
			isa = PBXGroup;
			children = (
				ED26F0E92C3AA9E500766F89 /* Movie.swift */,
				ED26F0EB2C3AAA3500766F89 /* APIResult.swift */,
				ED26F0ED2C3AD72B00766F89 /* MovieDetail.swift */,
			);
			path = Models;
			sourceTree = "<group>";
		};
		ED7269D92C38648A00A7705F = {
			isa = PBXGroup;
			children = (
				ED7269E42C38648A00A7705F /* List Examination */,
				ED7269FB2C38648C00A7705F /* List ExaminationTests */,
				ED726A052C38648C00A7705F /* List ExaminationUITests */,
				ED7269E32C38648A00A7705F /* Products */,
			);
			sourceTree = "<group>";
		};
		ED7269E32C38648A00A7705F /* Products */ = {
			isa = PBXGroup;
			children = (
				ED7269E22C38648A00A7705F /* List Examination.app */,
				ED7269F82C38648C00A7705F /* List ExaminationTests.xctest */,
				ED726A022C38648C00A7705F /* List ExaminationUITests.xctest */,
			);
			name = Products;
			sourceTree = "<group>";
		};
		ED7269E42C38648A00A7705F /* List Examination */ = {
			isa = PBXGroup;
			children = (
				ED26F0E82C3AA9D700766F89 /* Models */,
				ED027FDF2C392736007AE287 /* Fonts */,
				ED027FDC2C391EDE007AE287 /* Extensions */,
				ED027FD22C390DC6007AE287 /* Screens */,
				ED7269E52C38648A00A7705F /* AppDelegate.swift */,
				ED7269E72C38648A00A7705F /* SceneDelegate.swift */,
				ED7269EE2C38648C00A7705F /* Assets.xcassets */,
				ED7269F02C38648C00A7705F /* LaunchScreen.storyboard */,
				ED7269F32C38648C00A7705F /* Info.plist */,
			);
			path = "List Examination";
			sourceTree = "<group>";
		};
		ED7269FB2C38648C00A7705F /* List ExaminationTests */ = {
			isa = PBXGroup;
			children = (
				ED7269FC2C38648C00A7705F /* List_ExaminationTests.swift */,
			);
			path = "List ExaminationTests";
			sourceTree = "<group>";
		};
		ED726A052C38648C00A7705F /* List ExaminationUITests */ = {
			isa = PBXGroup;
			children = (
				ED726A062C38648C00A7705F /* List_ExaminationUITests.swift */,
				ED726A082C38648C00A7705F /* List_ExaminationUITestsLaunchTests.swift */,
			);
			path = "List ExaminationUITests";
			sourceTree = "<group>";
		};
/* End PBXGroup section */

/* Begin PBXNativeTarget section */
		ED7269E12C38648A00A7705F /* List Examination */ = {
			isa = PBXNativeTarget;
			buildConfigurationList = ED726A0C2C38648C00A7705F /* Build configuration list for PBXNativeTarget "List Examination" */;
			buildPhases = (
				ED7269DE2C38648A00A7705F /* Sources */,
				ED7269DF2C38648A00A7705F /* Frameworks */,
				ED7269E02C38648A00A7705F /* Resources */,
			);
			buildRules = (
			);
			dependencies = (
			);
			name = "List Examination";
			productName = "List Examination";
			productReference = ED7269E22C38648A00A7705F /* List Examination.app */;
			productType = "com.apple.product-type.application";
		};
		ED7269F72C38648C00A7705F /* List ExaminationTests */ = {
			isa = PBXNativeTarget;
			buildConfigurationList = ED726A0F2C38648C00A7705F /* Build configuration list for PBXNativeTarget "List ExaminationTests" */;
			buildPhases = (
				ED7269F42C38648C00A7705F /* Sources */,
				ED7269F52C38648C00A7705F /* Frameworks */,
				ED7269F62C38648C00A7705F /* Resources */,
			);
			buildRules = (
			);
			dependencies = (
				ED7269FA2C38648C00A7705F /* PBXTargetDependency */,
			);
			name = "List ExaminationTests";
			productName = "List ExaminationTests";
			productReference = ED7269F82C38648C00A7705F /* List ExaminationTests.xctest */;
			productType = "com.apple.product-type.bundle.unit-test";
		};
		ED726A012C38648C00A7705F /* List ExaminationUITests */ = {
			isa = PBXNativeTarget;
			buildConfigurationList = ED726A122C38648C00A7705F /* Build configuration list for PBXNativeTarget "List ExaminationUITests" */;
			buildPhases = (
				ED7269FE2C38648C00A7705F /* Sources */,
				ED7269FF2C38648C00A7705F /* Frameworks */,
				ED726A002C38648C00A7705F /* Resources */,
			);
			buildRules = (
			);
			dependencies = (
				ED726A042C38648C00A7705F /* PBXTargetDependency */,
			);
			name = "List ExaminationUITests";
			productName = "List ExaminationUITests";
			productReference = ED726A022C38648C00A7705F /* List ExaminationUITests.xctest */;
			productType = "com.apple.product-type.bundle.ui-testing";
		};
/* End PBXNativeTarget section */

/* Begin PBXProject section */
		ED7269DA2C38648A00A7705F /* Project object */ = {
			isa = PBXProject;
			attributes = {
				BuildIndependentTargetsInParallel = 1;
				LastSwiftUpdateCheck = 1530;
				LastUpgradeCheck = 1530;
				TargetAttributes = {
					ED7269E12C38648A00A7705F = {
						CreatedOnToolsVersion = 15.3;
					};
					ED7269F72C38648C00A7705F = {
						CreatedOnToolsVersion = 15.3;
						TestTargetID = ED7269E12C38648A00A7705F;
					};
					ED726A012C38648C00A7705F = {
						CreatedOnToolsVersion = 15.3;
						TestTargetID = ED7269E12C38648A00A7705F;
					};
				};
			};
			buildConfigurationList = ED7269DD2C38648A00A7705F /* Build configuration list for PBXProject "List Examination" */;
			compatibilityVersion = "Xcode 14.0";
			developmentRegion = en;
			hasScannedForEncodings = 0;
			knownRegions = (
				en,
				Base,
			);
			mainGroup = ED7269D92C38648A00A7705F;
			productRefGroup = ED7269E32C38648A00A7705F /* Products */;
			projectDirPath = "";
			projectRoot = "";
			targets = (
				ED7269E12C38648A00A7705F /* List Examination */,
				ED7269F72C38648C00A7705F /* List ExaminationTests */,
				ED726A012C38648C00A7705F /* List ExaminationUITests */,
			);
		};
/* End PBXProject section */

/* Begin PBXResourcesBuildPhase section */
		ED7269E02C38648A00A7705F /* Resources */ = {
			isa = PBXResourcesBuildPhase;
			buildActionMask = 2147483647;
			files = (
				ED7269EF2C38648C00A7705F /* Assets.xcassets in Resources */,
				ED7269F22C38648C00A7705F /* Base in Resources */,
				EDAB8AA32C39ADC200B42E7B /* Poppins-BlackItalic.ttf in Resources */,
				EDAB8AA42C39ADC200B42E7B /* Poppins-ExtraLightItalic.ttf in Resources */,
				EDAB8AA52C39ADC200B42E7B /* Poppins-SemiBoldItalic.ttf in Resources */,
				EDAB8AA62C39ADC200B42E7B /* Poppins-LightItalic.ttf in Resources */,
				EDAB8AA72C39ADC200B42E7B /* Poppins-SemiBold.ttf in Resources */,
				EDAB8AA82C39ADC200B42E7B /* Poppins-Black.ttf in Resources */,
				EDAB8AA92C39ADC200B42E7B /* Poppins-ExtraLight.ttf in Resources */,
				EDAB8AAA2C39ADC200B42E7B /* Poppins-Regular.ttf in Resources */,
				EDAB8AAB2C39ADC200B42E7B /* Poppins-MediumItalic.ttf in Resources */,
				EDAB8AAC2C39ADC200B42E7B /* Poppins-ExtraBoldItalic.ttf in Resources */,
				EDAB8AAD2C39ADC200B42E7B /* Poppins-Italic.ttf in Resources */,
				EDAB8AAE2C39ADC200B42E7B /* Poppins-Light.ttf in Resources */,
				EDAB8AAF2C39ADC200B42E7B /* Poppins-BoldItalic.ttf in Resources */,
				EDAB8AB02C39ADC200B42E7B /* Poppins-Bold.ttf in Resources */,
				EDAB8AB12C39ADC200B42E7B /* Poppins-Medium.ttf in Resources */,
				EDAB8AB22C39ADC200B42E7B /* Poppins-Thin.ttf in Resources */,
				EDAB8AB32C39ADC200B42E7B /* Poppins-ExtraBold.ttf in Resources */,
				EDAB8AB42C39ADC200B42E7B /* Poppins-ThinItalic.ttf in Resources */,
			);
			runOnlyForDeploymentPostprocessing = 0;
		};
		ED7269F62C38648C00A7705F /* Resources */ = {
			isa = PBXResourcesBuildPhase;
			buildActionMask = 2147483647;
			files = (
			);
			runOnlyForDeploymentPostprocessing = 0;
		};
		ED726A002C38648C00A7705F /* Resources */ = {
			isa = PBXResourcesBuildPhase;
			buildActionMask = 2147483647;
			files = (
			);
			runOnlyForDeploymentPostprocessing = 0;
		};
/* End PBXResourcesBuildPhase section */

/* Begin PBXSourcesBuildPhase section */
		ED7269DE2C38648A00A7705F /* Sources */ = {
			isa = PBXSourcesBuildPhase;
			buildActionMask = 2147483647;
			files = (
				EDAB8AB82C39C09800B42E7B /* UICollectionViewCell+Extensions.swift in Sources */,
				ED26F0EC2C3AAA3500766F89 /* APIResult.swift in Sources */,
				ED7269E62C38648A00A7705F /* AppDelegate.swift in Sources */,
				ED26F0EA2C3AA9E500766F89 /* Movie.swift in Sources */,
				ED027FD82C390E0C007AE287 /* DetailVC.swift in Sources */,
				ED027FDE2C391EF7007AE287 /* UITableViewCell+Extensions.swift in Sources */,
				ED027FD62C390DFE007AE287 /* MainVC.swift in Sources */,
				ED027FDA2C391E4C007AE287 /* MovieCell.swift in Sources */,
				ED7269E82C38648A00A7705F /* SceneDelegate.swift in Sources */,
				EDAB8AB62C39C05C00B42E7B /* CastCell.swift in Sources */,
				ED26F0EE2C3AD72B00766F89 /* MovieDetail.swift in Sources */,
			);
			runOnlyForDeploymentPostprocessing = 0;
		};
		ED7269F42C38648C00A7705F /* Sources */ = {
			isa = PBXSourcesBuildPhase;
			buildActionMask = 2147483647;
			files = (
				ED7269FD2C38648C00A7705F /* List_ExaminationTests.swift in Sources */,
			);
			runOnlyForDeploymentPostprocessing = 0;
		};
		ED7269FE2C38648C00A7705F /* Sources */ = {
			isa = PBXSourcesBuildPhase;
			buildActionMask = 2147483647;
			files = (
				ED726A092C38648C00A7705F /* List_ExaminationUITestsLaunchTests.swift in Sources */,
				ED726A072C38648C00A7705F /* List_ExaminationUITests.swift in Sources */,
			);
			runOnlyForDeploymentPostprocessing = 0;
		};
/* End PBXSourcesBuildPhase section */

/* Begin PBXTargetDependency section */
		ED7269FA2C38648C00A7705F /* PBXTargetDependency */ = {
			isa = PBXTargetDependency;
			target = ED7269E12C38648A00A7705F /* List Examination */;
			targetProxy = ED7269F92C38648C00A7705F /* PBXContainerItemProxy */;
		};
		ED726A042C38648C00A7705F /* PBXTargetDependency */ = {
			isa = PBXTargetDependency;
			target = ED7269E12C38648A00A7705F /* List Examination */;
			targetProxy = ED726A032C38648C00A7705F /* PBXContainerItemProxy */;
		};
/* End PBXTargetDependency section */

/* Begin PBXVariantGroup section */
		ED7269F02C38648C00A7705F /* LaunchScreen.storyboard */ = {
			isa = PBXVariantGroup;
			children = (
				ED7269F12C38648C00A7705F /* Base */,
			);
			name = LaunchScreen.storyboard;
			sourceTree = "<group>";
		};
/* End PBXVariantGroup section */

/* Begin XCBuildConfiguration section */
		ED726A0A2C38648C00A7705F /* Debug */ = {
			isa = XCBuildConfiguration;
			buildSettings = {
				ALWAYS_SEARCH_USER_PATHS = NO;
				ASSETCATALOG_COMPILER_GENERATE_SWIFT_ASSET_SYMBOL_EXTENSIONS = YES;
				CLANG_ANALYZER_NONNULL = YES;
				CLANG_ANALYZER_NUMBER_OBJECT_CONVERSION = YES_AGGRESSIVE;
				CLANG_CXX_LANGUAGE_STANDARD = "gnu++20";
				CLANG_ENABLE_MODULES = YES;
				CLANG_ENABLE_OBJC_ARC = YES;
				CLANG_ENABLE_OBJC_WEAK = YES;
				CLANG_WARN_BLOCK_CAPTURE_AUTORELEASING = YES;
				CLANG_WARN_BOOL_CONVERSION = YES;
				CLANG_WARN_COMMA = YES;
				CLANG_WARN_CONSTANT_CONVERSION = YES;
				CLANG_WARN_DEPRECATED_OBJC_IMPLEMENTATIONS = YES;
				CLANG_WARN_DIRECT_OBJC_ISA_USAGE = YES_ERROR;
				CLANG_WARN_DOCUMENTATION_COMMENTS = YES;
				CLANG_WARN_EMPTY_BODY = YES;
				CLANG_WARN_ENUM_CONVERSION = YES;
				CLANG_WARN_INFINITE_RECURSION = YES;
				CLANG_WARN_INT_CONVERSION = YES;
				CLANG_WARN_NON_LITERAL_NULL_CONVERSION = YES;
				CLANG_WARN_OBJC_IMPLICIT_RETAIN_SELF = YES;
				CLANG_WARN_OBJC_LITERAL_CONVERSION = YES;
				CLANG_WARN_OBJC_ROOT_CLASS = YES_ERROR;
				CLANG_WARN_QUOTED_INCLUDE_IN_FRAMEWORK_HEADER = YES;
				CLANG_WARN_RANGE_LOOP_ANALYSIS = YES;
				CLANG_WARN_STRICT_PROTOTYPES = YES;
				CLANG_WARN_SUSPICIOUS_MOVE = YES;
				CLANG_WARN_UNGUARDED_AVAILABILITY = YES_AGGRESSIVE;
				CLANG_WARN_UNREACHABLE_CODE = YES;
				CLANG_WARN__DUPLICATE_METHOD_MATCH = YES;
				COPY_PHASE_STRIP = NO;
				DEBUG_INFORMATION_FORMAT = dwarf;
				ENABLE_STRICT_OBJC_MSGSEND = YES;
				ENABLE_TESTABILITY = YES;
				ENABLE_USER_SCRIPT_SANDBOXING = YES;
				GCC_C_LANGUAGE_STANDARD = gnu17;
				GCC_DYNAMIC_NO_PIC = NO;
				GCC_NO_COMMON_BLOCKS = YES;
				GCC_OPTIMIZATION_LEVEL = 0;
				GCC_PREPROCESSOR_DEFINITIONS = (
					"DEBUG=1",
					"$(inherited)",
				);
				GCC_WARN_64_TO_32_BIT_CONVERSION = YES;
				GCC_WARN_ABOUT_RETURN_TYPE = YES_ERROR;
				GCC_WARN_UNDECLARED_SELECTOR = YES;
				GCC_WARN_UNINITIALIZED_AUTOS = YES_AGGRESSIVE;
				GCC_WARN_UNUSED_FUNCTION = YES;
				GCC_WARN_UNUSED_VARIABLE = YES;
				IPHONEOS_DEPLOYMENT_TARGET = 17.4;
				LOCALIZATION_PREFERS_STRING_CATALOGS = YES;
				MTL_ENABLE_DEBUG_INFO = INCLUDE_SOURCE;
				MTL_FAST_MATH = YES;
				ONLY_ACTIVE_ARCH = YES;
				SDKROOT = iphoneos;
				SWIFT_ACTIVE_COMPILATION_CONDITIONS = "DEBUG $(inherited)";
				SWIFT_OPTIMIZATION_LEVEL = "-Onone";
			};
			name = Debug;
		};
		ED726A0B2C38648C00A7705F /* Release */ = {
			isa = XCBuildConfiguration;
			buildSettings = {
				ALWAYS_SEARCH_USER_PATHS = NO;
				ASSETCATALOG_COMPILER_GENERATE_SWIFT_ASSET_SYMBOL_EXTENSIONS = YES;
				CLANG_ANALYZER_NONNULL = YES;
				CLANG_ANALYZER_NUMBER_OBJECT_CONVERSION = YES_AGGRESSIVE;
				CLANG_CXX_LANGUAGE_STANDARD = "gnu++20";
				CLANG_ENABLE_MODULES = YES;
				CLANG_ENABLE_OBJC_ARC = YES;
				CLANG_ENABLE_OBJC_WEAK = YES;
				CLANG_WARN_BLOCK_CAPTURE_AUTORELEASING = YES;
				CLANG_WARN_BOOL_CONVERSION = YES;
				CLANG_WARN_COMMA = YES;
				CLANG_WARN_CONSTANT_CONVERSION = YES;
				CLANG_WARN_DEPRECATED_OBJC_IMPLEMENTATIONS = YES;
				CLANG_WARN_DIRECT_OBJC_ISA_USAGE = YES_ERROR;
				CLANG_WARN_DOCUMENTATION_COMMENTS = YES;
				CLANG_WARN_EMPTY_BODY = YES;
				CLANG_WARN_ENUM_CONVERSION = YES;
				CLANG_WARN_INFINITE_RECURSION = YES;
				CLANG_WARN_INT_CONVERSION = YES;
				CLANG_WARN_NON_LITERAL_NULL_CONVERSION = YES;
				CLANG_WARN_OBJC_IMPLICIT_RETAIN_SELF = YES;
				CLANG_WARN_OBJC_LITERAL_CONVERSION = YES;
				CLANG_WARN_OBJC_ROOT_CLASS = YES_ERROR;
				CLANG_WARN_QUOTED_INCLUDE_IN_FRAMEWORK_HEADER = YES;
				CLANG_WARN_RANGE_LOOP_ANALYSIS = YES;
				CLANG_WARN_STRICT_PROTOTYPES = YES;
				CLANG_WARN_SUSPICIOUS_MOVE = YES;
				CLANG_WARN_UNGUARDED_AVAILABILITY = YES_AGGRESSIVE;
				CLANG_WARN_UNREACHABLE_CODE = YES;
				CLANG_WARN__DUPLICATE_METHOD_MATCH = YES;
				COPY_PHASE_STRIP = NO;
				DEBUG_INFORMATION_FORMAT = "dwarf-with-dsym";
				ENABLE_NS_ASSERTIONS = NO;
				ENABLE_STRICT_OBJC_MSGSEND = YES;
				ENABLE_USER_SCRIPT_SANDBOXING = YES;
				GCC_C_LANGUAGE_STANDARD = gnu17;
				GCC_NO_COMMON_BLOCKS = YES;
				GCC_WARN_64_TO_32_BIT_CONVERSION = YES;
				GCC_WARN_ABOUT_RETURN_TYPE = YES_ERROR;
				GCC_WARN_UNDECLARED_SELECTOR = YES;
				GCC_WARN_UNINITIALIZED_AUTOS = YES_AGGRESSIVE;
				GCC_WARN_UNUSED_FUNCTION = YES;
				GCC_WARN_UNUSED_VARIABLE = YES;
				IPHONEOS_DEPLOYMENT_TARGET = 17.4;
				LOCALIZATION_PREFERS_STRING_CATALOGS = YES;
				MTL_ENABLE_DEBUG_INFO = NO;
				MTL_FAST_MATH = YES;
				SDKROOT = iphoneos;
				SWIFT_COMPILATION_MODE = wholemodule;
				VALIDATE_PRODUCT = YES;
			};
			name = Release;
		};
		ED726A0D2C38648C00A7705F /* Debug */ = {
			isa = XCBuildConfiguration;
			buildSettings = {
				ASSETCATALOG_COMPILER_APPICON_NAME = AppIcon;
				ASSETCATALOG_COMPILER_GLOBAL_ACCENT_COLOR_NAME = AccentColor;
				CODE_SIGN_STYLE = Automatic;
				CURRENT_PROJECT_VERSION = 1;
				GENERATE_INFOPLIST_FILE = YES;
				INFOPLIST_FILE = "List Examination/Info.plist";
				INFOPLIST_KEY_UIApplicationSupportsIndirectInputEvents = YES;
				INFOPLIST_KEY_UILaunchStoryboardName = LaunchScreen;
				INFOPLIST_KEY_UIStatusBarStyle = UIStatusBarStyleLightContent;
				INFOPLIST_KEY_UISupportedInterfaceOrientations = UIInterfaceOrientationPortrait;
				LD_RUNPATH_SEARCH_PATHS = (
					"$(inherited)",
					"@executable_path/Frameworks",
				);
				MARKETING_VERSION = 1.0;
				PRODUCT_BUNDLE_IDENTIFIER = "com.farras.List-Examination";
				PRODUCT_NAME = "$(TARGET_NAME)";
				SWIFT_EMIT_LOC_STRINGS = YES;
				SWIFT_VERSION = 5.0;
				TARGETED_DEVICE_FAMILY = "1,2";
			};
			name = Debug;
		};
		ED726A0E2C38648C00A7705F /* Release */ = {
			isa = XCBuildConfiguration;
			buildSettings = {
				ASSETCATALOG_COMPILER_APPICON_NAME = AppIcon;
				ASSETCATALOG_COMPILER_GLOBAL_ACCENT_COLOR_NAME = AccentColor;
				CODE_SIGN_STYLE = Automatic;
				CURRENT_PROJECT_VERSION = 1;
				GENERATE_INFOPLIST_FILE = YES;
				INFOPLIST_FILE = "List Examination/Info.plist";
				INFOPLIST_KEY_UIApplicationSupportsIndirectInputEvents = YES;
				INFOPLIST_KEY_UILaunchStoryboardName = LaunchScreen;
				INFOPLIST_KEY_UIStatusBarStyle = UIStatusBarStyleLightContent;
				INFOPLIST_KEY_UISupportedInterfaceOrientations = UIInterfaceOrientationPortrait;
				LD_RUNPATH_SEARCH_PATHS = (
					"$(inherited)",
					"@executable_path/Frameworks",
				);
				MARKETING_VERSION = 1.0;
				PRODUCT_BUNDLE_IDENTIFIER = "com.farras.List-Examination";
				PRODUCT_NAME = "$(TARGET_NAME)";
				SWIFT_EMIT_LOC_STRINGS = YES;
				SWIFT_VERSION = 5.0;
				TARGETED_DEVICE_FAMILY = "1,2";
			};
			name = Release;
		};
		ED726A102C38648C00A7705F /* Debug */ = {
			isa = XCBuildConfiguration;
			buildSettings = {
				ALWAYS_EMBED_SWIFT_STANDARD_LIBRARIES = YES;
				BUNDLE_LOADER = "$(TEST_HOST)";
				CODE_SIGN_STYLE = Automatic;
				CURRENT_PROJECT_VERSION = 1;
				GENERATE_INFOPLIST_FILE = YES;
				IPHONEOS_DEPLOYMENT_TARGET = 17.4;
				MARKETING_VERSION = 1.0;
				PRODUCT_BUNDLE_IDENTIFIER = "com.farras.List-ExaminationTests";
				PRODUCT_NAME = "$(TARGET_NAME)";
				SWIFT_EMIT_LOC_STRINGS = NO;
				SWIFT_VERSION = 5.0;
				TARGETED_DEVICE_FAMILY = "1,2";
				TEST_HOST = "$(BUILT_PRODUCTS_DIR)/List Examination.app/$(BUNDLE_EXECUTABLE_FOLDER_PATH)/List Examination";
			};
			name = Debug;
		};
		ED726A112C38648C00A7705F /* Release */ = {
			isa = XCBuildConfiguration;
			buildSettings = {
				ALWAYS_EMBED_SWIFT_STANDARD_LIBRARIES = YES;
				BUNDLE_LOADER = "$(TEST_HOST)";
				CODE_SIGN_STYLE = Automatic;
				CURRENT_PROJECT_VERSION = 1;
				GENERATE_INFOPLIST_FILE = YES;
				IPHONEOS_DEPLOYMENT_TARGET = 17.4;
				MARKETING_VERSION = 1.0;
				PRODUCT_BUNDLE_IDENTIFIER = "com.farras.List-ExaminationTests";
				PRODUCT_NAME = "$(TARGET_NAME)";
				SWIFT_EMIT_LOC_STRINGS = NO;
				SWIFT_VERSION = 5.0;
				TARGETED_DEVICE_FAMILY = "1,2";
				TEST_HOST = "$(BUILT_PRODUCTS_DIR)/List Examination.app/$(BUNDLE_EXECUTABLE_FOLDER_PATH)/List Examination";
			};
			name = Release;
		};
		ED726A132C38648C00A7705F /* Debug */ = {
			isa = XCBuildConfiguration;
			buildSettings = {
				ALWAYS_EMBED_SWIFT_STANDARD_LIBRARIES = YES;
				CODE_SIGN_STYLE = Automatic;
				CURRENT_PROJECT_VERSION = 1;
				GENERATE_INFOPLIST_FILE = YES;
				MARKETING_VERSION = 1.0;
				PRODUCT_BUNDLE_IDENTIFIER = "com.farras.List-ExaminationUITests";
				PRODUCT_NAME = "$(TARGET_NAME)";
				SWIFT_EMIT_LOC_STRINGS = NO;
				SWIFT_VERSION = 5.0;
				TARGETED_DEVICE_FAMILY = "1,2";
				TEST_TARGET_NAME = "List Examination";
			};
			name = Debug;
		};
		ED726A142C38648C00A7705F /* Release */ = {
			isa = XCBuildConfiguration;
			buildSettings = {
				ALWAYS_EMBED_SWIFT_STANDARD_LIBRARIES = YES;
				CODE_SIGN_STYLE = Automatic;
				CURRENT_PROJECT_VERSION = 1;
				GENERATE_INFOPLIST_FILE = YES;
				MARKETING_VERSION = 1.0;
				PRODUCT_BUNDLE_IDENTIFIER = "com.farras.List-ExaminationUITests";
				PRODUCT_NAME = "$(TARGET_NAME)";
				SWIFT_EMIT_LOC_STRINGS = NO;
				SWIFT_VERSION = 5.0;
				TARGETED_DEVICE_FAMILY = "1,2";
				TEST_TARGET_NAME = "List Examination";
			};
			name = Release;
		};
/* End XCBuildConfiguration section */

/* Begin XCConfigurationList section */
		ED7269DD2C38648A00A7705F /* Build configuration list for PBXProject "List Examination" */ = {
			isa = XCConfigurationList;
			buildConfigurations = (
				ED726A0A2C38648C00A7705F /* Debug */,
				ED726A0B2C38648C00A7705F /* Release */,
			);
			defaultConfigurationIsVisible = 0;
			defaultConfigurationName = Release;
		};
		ED726A0C2C38648C00A7705F /* Build configuration list for PBXNativeTarget "List Examination" */ = {
			isa = XCConfigurationList;
			buildConfigurations = (
				ED726A0D2C38648C00A7705F /* Debug */,
				ED726A0E2C38648C00A7705F /* Release */,
			);
			defaultConfigurationIsVisible = 0;
			defaultConfigurationName = Release;
		};
		ED726A0F2C38648C00A7705F /* Build configuration list for PBXNativeTarget "List ExaminationTests" */ = {
			isa = XCConfigurationList;
			buildConfigurations = (
				ED726A102C38648C00A7705F /* Debug */,
				ED726A112C38648C00A7705F /* Release */,
			);
			defaultConfigurationIsVisible = 0;
			defaultConfigurationName = Release;
		};
		ED726A122C38648C00A7705F /* Build configuration list for PBXNativeTarget "List ExaminationUITests" */ = {
			isa = XCConfigurationList;
			buildConfigurations = (
				ED726A132C38648C00A7705F /* Debug */,
				ED726A142C38648C00A7705F /* Release */,
			);
			defaultConfigurationIsVisible = 0;
			defaultConfigurationName = Release;
		};
/* End XCConfigurationList section */
	};
	rootObject = ED7269DA2C38648A00A7705F /* Project object */;
}
